
Microsoft Visual Studio Solution File, Format Version 12.00
# Visual Studio 15
VisualStudioVersion = 15.0.26403.7
MinimumVisualStudioVersion = 10.0.40219.1
Project("{FAE04EC0-301F-11D3-BF4B-00C04F79EFBC}") = "WindowsForms_ListView", "WindowsForms_ListView\WindowsForms_ListView.csproj", "{D1EE58D7-BDA4-43E1-832D-90A9A0CE18C8}"
EndProject
Global
	GlobalSection(SolutionConfigurationPlatforms) = preSolution
		Debug|Any CPU = Debug|Any CPU
		Release|Any CPU = Release|Any CPU
	EndGlobalSection
	GlobalSection(ProjectConfigurationPlatforms) = postSolution
		{D1EE58D7-BDA4-43E1-832D-90A9A0CE18C8}.Debug|Any CPU.ActiveCfg = Debug|Any CPU
		{D1EE58D7-BDA4-43E1-832D-90A9A0CE18C8}.Debug|Any CPU.Build.0 = Debug|Any CPU
		{D1EE58D7-BDA4-43E1-832D-90A9A0CE18C8}.Release|Any CPU.ActiveCfg = Release|Any CPU
		{D1EE58D7-BDA4-43E1-832D-90A9A0CE18C8}.Release|Any CPU.Build.0 = Release|Any CPU
	EndGlobalSection
	GlobalSection(SolutionProperties) = preSolution
		HideSolutionNode = FALSE
	EndGlobalSection
EndGlobal
